
Microsoft Visual Studio Solution File, Format Version 12.00
# Visual Studio 15
VisualStudioVersion = 15.0.27130.2020
MinimumVisualStudioVersion = 10.0.40219.1
Project("{9092AA53-FB77-4645-B42D-1CCCA6BD08BD}") = "IotaHelloWorld", "IotaHelloWorld\IotaHelloWorld.njsproj", "{A339CACC-60BD-4FD9-BA11-EAF21285747D}"
EndProject
Global
	GlobalSection(SolutionConfigurationPlatforms) = preSolution
		Debug|Any CPU = Debug|Any CPU
		Release|Any CPU = Release|Any CPU
	EndGlobalSection
	GlobalSection(ProjectConfigurationPlatforms) = postSolution
		{A339CACC-60BD-4FD9-BA11-EAF21285747D}.Debug|Any CPU.ActiveCfg = Debug|Any CPU
		{A339CACC-60BD-4FD9-BA11-EAF21285747D}.Debug|Any CPU.Build.0 = Debug|Any CPU
		{A339CACC-60BD-4FD9-BA11-EAF21285747D}.Release|Any CPU.ActiveCfg = Release|Any CPU
		{A339CACC-60BD-4FD9-BA11-EAF21285747D}.Release|Any CPU.Build.0 = Release|Any CPU
	EndGlobalSection
	GlobalSection(SolutionProperties) = preSolution
		HideSolutionNode = FALSE
	EndGlobalSection
	GlobalSection(ExtensibilityGlobals) = postSolution
		SolutionGuid = {D9F88D40-3BF4-43CC-920C-1CC5F2137639}
	EndGlobalSection
EndGlobal
